
Microsoft Visual Studio Solution File, Format Version 12.00
# Visual Studio Version 16
VisualStudioVersion = 16.0.30503.244
MinimumVisualStudioVersion = 10.0.40219.1
Project("{FAE04EC0-301F-11D3-BF4B-00C04F79EFBC}") = "MoodAnalyzer", "MoodAnalyzer\MoodAnalyzer.csproj", "{347379AF-5AFB-4981-BAF0-E4300FBA716B}"
EndProject
Project("{FAE04EC0-301F-11D3-BF4B-00C04F79EFBC}") = "AnalyzerTesting", "AnalyzerTesting\AnalyzerTesting.csproj", "{972DD5C5-B3D0-4EBE-B5B7-FE51D9A26243}"
EndProject
Global
	GlobalSection(SolutionConfigurationPlatforms) = preSolution
		Debug|Any CPU = Debug|Any CPU
		Release|Any CPU = Release|Any CPU
	EndGlobalSection
	GlobalSection(ProjectConfigurationPlatforms) = postSolution
		{347379AF-5AFB-4981-BAF0-E4300FBA716B}.Debug|Any CPU.ActiveCfg = Debug|Any CPU
		{347379AF-5AFB-4981-BAF0-E4300FBA716B}.Debug|Any CPU.Build.0 = Debug|Any CPU
		{347379AF-5AFB-4981-BAF0-E4300FBA716B}.Release|Any CPU.ActiveCfg = Release|Any CPU
		{347379AF-5AFB-4981-BAF0-E4300FBA716B}.Release|Any CPU.Build.0 = Release|Any CPU
		{972DD5C5-B3D0-4EBE-B5B7-FE51D9A26243}.Debug|Any CPU.ActiveCfg = Debug|Any CPU
		{972DD5C5-B3D0-4EBE-B5B7-FE51D9A26243}.Debug|Any CPU.Build.0 = Debug|Any CPU
		{972DD5C5-B3D0-4EBE-B5B7-FE51D9A26243}.Release|Any CPU.ActiveCfg = Release|Any CPU
		{972DD5C5-B3D0-4EBE-B5B7-FE51D9A26243}.Release|Any CPU.Build.0 = Release|Any CPU
	EndGlobalSection
	GlobalSection(SolutionProperties) = preSolution
		HideSolutionNode = FALSE
	EndGlobalSection
	GlobalSection(ExtensibilityGlobals) = postSolution
		SolutionGuid = {0ED8CE95-36FA-44BD-B66E-F5804D7227BA}
	EndGlobalSection
EndGlobal
